
Microsoft Visual Studio Solution File, Format Version 12.00
# Visual Studio Version 16
VisualStudioVersion = 16.0.30717.126
MinimumVisualStudioVersion = 10.0.40219.1
Project("{FAE04EC0-301F-11D3-BF4B-00C04F79EFBC}") = "PublishingCompany.Camunda", "PublishingCompany.Camunda\PublishingCompany.Camunda.csproj", "{E369DEE0-E1B9-43F5-863E-277F66EFAF12}"
EndProject
Global
	GlobalSection(SolutionConfigurationPlatforms) = preSolution
		Debug|Any CPU = Debug|Any CPU
		Release|Any CPU = Release|Any CPU
	EndGlobalSection
	GlobalSection(ProjectConfigurationPlatforms) = postSolution
		{E369DEE0-E1B9-43F5-863E-277F66EFAF12}.Debug|Any CPU.ActiveCfg = Debug|Any CPU
		{E369DEE0-E1B9-43F5-863E-277F66EFAF12}.Debug|Any CPU.Build.0 = Debug|Any CPU
		{E369DEE0-E1B9-43F5-863E-277F66EFAF12}.Release|Any CPU.ActiveCfg = Release|Any CPU
		{E369DEE0-E1B9-43F5-863E-277F66EFAF12}.Release|Any CPU.Build.0 = Release|Any CPU
	EndGlobalSection
	GlobalSection(SolutionProperties) = preSolution
		HideSolutionNode = FALSE
	EndGlobalSection
	GlobalSection(ExtensibilityGlobals) = postSolution
		SolutionGuid = {BB9C7FAA-8FED-42AB-88AC-B4B5B1AE3977}
	EndGlobalSection
EndGlobal
